// !$*UTF8*$!
{
	archiveVersion = 1;
	classes = {
	};
	objectVersion = 46;
	objects = {

/* Begin PBXBuildFile section */
		847C47111DBDB6C500BFBFD7 /* main.m in Sources */ = {isa = PBXBuildFile; fileRef = 847C47101DBDB6C500BFBFD7 /* main.m */; };
		847C47141DBDB6C500BFBFD7 /* AppDelegate.m in Sources */ = {isa = PBXBuildFile; fileRef = 847C47131DBDB6C500BFBFD7 /* AppDelegate.m */; };
		847C47171DBDB6C500BFBFD7 /* ViewController.m in Sources */ = {isa = PBXBuildFile; fileRef = 847C47161DBDB6C500BFBFD7 /* ViewController.m */; };
		847C471A1DBDB6C500BFBFD7 /* Main.storyboard in Resources */ = {isa = PBXBuildFile; fileRef = 847C47181DBDB6C500BFBFD7 /* Main.storyboard */; };
		847C471C1DBDB6C500BFBFD7 /* Assets.xcassets in Resources */ = {isa = PBXBuildFile; fileRef = 847C471B1DBDB6C500BFBFD7 /* Assets.xcassets */; };
		847C471F1DBDB6C500BFBFD7 /* LaunchScreen.storyboard in Resources */ = {isa = PBXBuildFile; fileRef = 847C471D1DBDB6C500BFBFD7 /* LaunchScreen.storyboard */; };
		847C472A1DBDB6C500BFBFD7 /* RunTimeDemoTests.m in Sources */ = {isa = PBXBuildFile; fileRef = 847C47291DBDB6C500BFBFD7 /* RunTimeDemoTests.m */; };
		847C47351DBDB6C500BFBFD7 /* RunTimeDemoUITests.m in Sources */ = {isa = PBXBuildFile; fileRef = 847C47341DBDB6C500BFBFD7 /* RunTimeDemoUITests.m */; };
		847C47451DBDBC7900BFBFD7 /* UIViewController+runtime.m in Sources */ = {isa = PBXBuildFile; fileRef = 847C47441DBDBC7900BFBFD7 /* UIViewController+runtime.m */; };
		847C47481DBDBD5800BFBFD7 /* SectionViewController.m in Sources */ = {isa = PBXBuildFile; fileRef = 847C47471DBDBD5800BFBFD7 /* SectionViewController.m */; };
/* End PBXBuildFile section */

/* Begin PBXContainerItemProxy section */
		847C47261DBDB6C500BFBFD7 /* PBXContainerItemProxy */ = {
			isa = PBXContainerItemProxy;
			containerPortal = 847C47041DBDB6C500BFBFD7 /* Project object */;
			proxyType = 1;
			remoteGlobalIDString = 847C470B1DBDB6C500BFBFD7;
			remoteInfo = RunTimeDemo;
		};
		847C47311DBDB6C500BFBFD7 /* PBXContainerItemProxy */ = {
			isa = PBXContainerItemProxy;
			containerPortal = 847C47041DBDB6C500BFBFD7 /* Project object */;
			proxyType = 1;
			remoteGlobalIDString = 847C470B1DBDB6C500BFBFD7;
			remoteInfo = RunTimeDemo;
		};
/* End PBXContainerItemProxy section */

/* Begin PBXFileReference section */
		847C470C1DBDB6C500BFBFD7 /* RunTimeDemo.app */ = {isa = PBXFileReference; explicitFileType = wrapper.application; includeInIndex = 0; path = RunTimeDemo.app; sourceTree = BUILT_PRODUCTS_DIR; };
		847C47101DBDB6C500BFBFD7 /* main.m */ = {isa = PBXFileReference; lastKnownFileType = sourcecode.c.objc; path = main.m; sourceTree = "<group>"; };
		847C47121DBDB6C500BFBFD7 /* AppDelegate.h */ = {isa = PBXFileReference; lastKnownFileType = sourcecode.c.h; path = AppDelegate.h; sourceTree = "<group>"; };
		847C47131DBDB6C500BFBFD7 /* AppDelegate.m */ = {isa = PBXFileReference; lastKnownFileType = sourcecode.c.objc; path = AppDelegate.m; sourceTree = "<group>"; };
		847C47151DBDB6C500BFBFD7 /* ViewController.h */ = {isa = PBXFileReference; lastKnownFileType = sourcecode.c.h; path = ViewController.h; sourceTree = "<group>"; };
		847C47161DBDB6C500BFBFD7 /* ViewController.m */ = {isa = PBXFileReference; lastKnownFileType = sourcecode.c.objc; path = ViewController.m; sourceTree = "<group>"; };
		847C47191DBDB6C500BFBFD7 /* Base */ = {isa = PBXFileReference; lastKnownFileType = file.storyboard; name = Base; path = Base.lproj/Main.storyboard; sourceTree = "<group>"; };
		847C471B1DBDB6C500BFBFD7 /* Assets.xcassets */ = {isa = PBXFileReference; lastKnownFileType = folder.assetcatalog; path = Assets.xcassets; sourceTree = "<group>"; };
		847C471E1DBDB6C500BFBFD7 /* Base */ = {isa = PBXFileReference; lastKnownFileType = file.storyboard; name = Base; path = Base.lproj/LaunchScreen.storyboard; sourceTree = "<group>"; };
		847C47201DBDB6C500BFBFD7 /* Info.plist */ = {isa = PBXFileReference; lastKnownFileType = text.plist.xml; path = Info.plist; sourceTree = "<group>"; };
		847C47251DBDB6C500BFBFD7 /* RunTimeDemoTests.xctest */ = {isa = PBXFileReference; explicitFileType = wrapper.cfbundle; includeInIndex = 0; path = RunTimeDemoTests.xctest; sourceTree = BUILT_PRODUCTS_DIR; };
		847C47291DBDB6C500BFBFD7 /* RunTimeDemoTests.m */ = {isa = PBXFileReference; lastKnownFileType = sourcecode.c.objc; path = RunTimeDemoTests.m; sourceTree = "<group>"; };
		847C472B1DBDB6C500BFBFD7 /* Info.plist */ = {isa = PBXFileReference; lastKnownFileType = text.plist.xml; path = Info.plist; sourceTree = "<group>"; };
		847C47301DBDB6C500BFBFD7 /* RunTimeDemoUITests.xctest */ = {isa = PBXFileReference; explicitFileType = wrapper.cfbundle; includeInIndex = 0; path = RunTimeDemoUITests.xctest; sourceTree = BUILT_PRODUCTS_DIR; };
		847C47341DBDB6C500BFBFD7 /* RunTimeDemoUITests.m */ = {isa = PBXFileReference; lastKnownFileType = sourcecode.c.objc; path = RunTimeDemoUITests.m; sourceTree = "<group>"; };
		847C47361DBDB6C500BFBFD7 /* Info.plist */ = {isa = PBXFileReference; lastKnownFileType = text.plist.xml; path = Info.plist; sourceTree = "<group>"; };
		847C47431DBDBC7900BFBFD7 /* UIViewController+runtime.h */ = {isa = PBXFileReference; fileEncoding = 4; lastKnownFileType = sourcecode.c.h; path = "UIViewController+runtime.h"; sourceTree = "<group>"; };
		847C47441DBDBC7900BFBFD7 /* UIViewController+runtime.m */ = {isa = PBXFileReference; fileEncoding = 4; lastKnownFileType = sourcecode.c.objc; path = "UIViewController+runtime.m"; sourceTree = "<group>"; };
		847C47461DBDBD5800BFBFD7 /* SectionViewController.h */ = {isa = PBXFileReference; fileEncoding = 4; lastKnownFileType = sourcecode.c.h; path = SectionViewController.h; sourceTree = "<group>"; };
		847C47471DBDBD5800BFBFD7 /* SectionViewController.m */ = {isa = PBXFileReference; fileEncoding = 4; lastKnownFileType = sourcecode.c.objc; path = SectionViewController.m; sourceTree = "<group>"; };
/* End PBXFileReference section */

/* Begin PBXFrameworksBuildPhase section */
		847C47091DBDB6C500BFBFD7 /* Frameworks */ = {
			isa = PBXFrameworksBuildPhase;
			buildActionMask = 2147483647;
			files = (
			);
			runOnlyForDeploymentPostprocessing = 0;
		};
		847C47221DBDB6C500BFBFD7 /* Frameworks */ = {
			isa = PBXFrameworksBuildPhase;
			buildActionMask = 2147483647;
			files = (
			);
			runOnlyForDeploymentPostprocessing = 0;
		};
		847C472D1DBDB6C500BFBFD7 /* Frameworks */ = {
			isa = PBXFrameworksBuildPhase;
			buildActionMask = 2147483647;
			files = (
			);
			runOnlyForDeploymentPostprocessing = 0;
		};
/* End PBXFrameworksBuildPhase section */

/* Begin PBXGroup section */
		847C47031DBDB6C500BFBFD7 = {
			isa = PBXGroup;
			children = (
				847C470E1DBDB6C500BFBFD7 /* RunTimeDemo */,
				847C47281DBDB6C500BFBFD7 /* RunTimeDemoTests */,
				847C47331DBDB6C500BFBFD7 /* RunTimeDemoUITests */,
				847C470D1DBDB6C500BFBFD7 /* Products */,
			);
			sourceTree = "<group>";
		};
		847C470D1DBDB6C500BFBFD7 /* Products */ = {
			isa = PBXGroup;
			children = (
				847C470C1DBDB6C500BFBFD7 /* RunTimeDemo.app */,
				847C47251DBDB6C500BFBFD7 /* RunTimeDemoTests.xctest */,
				847C47301DBDB6C500BFBFD7 /* RunTimeDemoUITests.xctest */,
			);
			name = Products;
			sourceTree = "<group>";
		};
		847C470E1DBDB6C500BFBFD7 /* RunTimeDemo */ = {
			isa = PBXGroup;
			children = (
				847C47421DBDBC7900BFBFD7 /* Category */,
				847C47121DBDB6C500BFBFD7 /* AppDelegate.h */,
				847C47131DBDB6C500BFBFD7 /* AppDelegate.m */,
				847C47151DBDB6C500BFBFD7 /* ViewController.h */,
				847C47161DBDB6C500BFBFD7 /* ViewController.m */,
				847C47461DBDBD5800BFBFD7 /* SectionViewController.h */,
				847C47471DBDBD5800BFBFD7 /* SectionViewController.m */,
				847C47181DBDB6C500BFBFD7 /* Main.storyboard */,
				847C471B1DBDB6C500BFBFD7 /* Assets.xcassets */,
				847C471D1DBDB6C500BFBFD7 /* LaunchScreen.storyboard */,
				847C47201DBDB6C500BFBFD7 /* Info.plist */,
				847C470F1DBDB6C500BFBFD7 /* Supporting Files */,
			);
			path = RunTimeDemo;
			sourceTree = "<group>";
		};
		847C470F1DBDB6C500BFBFD7 /* Supporting Files */ = {
			isa = PBXGroup;
			children = (
				847C47101DBDB6C500BFBFD7 /* main.m */,
			);
			name = "Supporting Files";
			sourceTree = "<group>";
		};
		847C47281DBDB6C500BFBFD7 /* RunTimeDemoTests */ = {
			isa = PBXGroup;
			children = (
				847C47291DBDB6C500BFBFD7 /* RunTimeDemoTests.m */,
				847C472B1DBDB6C500BFBFD7 /* Info.plist */,
			);
			path = RunTimeDemoTests;
			sourceTree = "<group>";
		};
		847C47331DBDB6C500BFBFD7 /* RunTimeDemoUITests */ = {
			isa = PBXGroup;
			children = (
				847C47341DBDB6C500BFBFD7 /* RunTimeDemoUITests.m */,
				847C47361DBDB6C500BFBFD7 /* Info.plist */,
			);
			path = RunTimeDemoUITests;
			sourceTree = "<group>";
		};
		847C47421DBDBC7900BFBFD7 /* Category */ = {
			isa = PBXGroup;
			children = (
				847C47431DBDBC7900BFBFD7 /* UIViewController+runtime.h */,
				847C47441DBDBC7900BFBFD7 /* UIViewController+runtime.m */,
			);
			path = Category;
			sourceTree = "<group>";
		};
/* End PBXGroup section */

/* Begin PBXNativeTarget section */
		847C470B1DBDB6C500BFBFD7 /* RunTimeDemo */ = {
			isa = PBXNativeTarget;
			buildConfigurationList = 847C47391DBDB6C500BFBFD7 /* Build configuration list for PBXNativeTarget "RunTimeDemo" */;
			buildPhases = (
				847C47081DBDB6C500BFBFD7 /* Sources */,
				847C47091DBDB6C500BFBFD7 /* Frameworks */,
				847C470A1DBDB6C500BFBFD7 /* Resources */,
			);
			buildRules = (
			);
			dependencies = (
			);
			name = RunTimeDemo;
			productName = RunTimeDemo;
			productReference = 847C470C1DBDB6C500BFBFD7 /* RunTimeDemo.app */;
			productType = "com.apple.product-type.application";
		};
		847C47241DBDB6C500BFBFD7 /* RunTimeDemoTests */ = {
			isa = PBXNativeTarget;
			buildConfigurationList = 847C473C1DBDB6C500BFBFD7 /* Build configuration list for PBXNativeTarget "RunTimeDemoTests" */;
			buildPhases = (
				847C47211DBDB6C500BFBFD7 /* Sources */,
				847C47221DBDB6C500BFBFD7 /* Frameworks */,
				847C47231DBDB6C500BFBFD7 /* Resources */,
			);
			buildRules = (
			);
			dependencies = (
				847C47271DBDB6C500BFBFD7 /* PBXTargetDependency */,
			);
			name = RunTimeDemoTests;
			productName = RunTimeDemoTests;
			productReference = 847C47251DBDB6C500BFBFD7 /* RunTimeDemoTests.xctest */;
			productType = "com.apple.product-type.bundle.unit-test";
		};
		847C472F1DBDB6C500BFBFD7 /* RunTimeDemoUITests */ = {
			isa = PBXNativeTarget;
			buildConfigurationList = 847C473F1DBDB6C500BFBFD7 /* Build configuration list for PBXNativeTarget "RunTimeDemoUITests" */;
			buildPhases = (
				847C472C1DBDB6C500BFBFD7 /* Sources */,
				847C472D1DBDB6C500BFBFD7 /* Frameworks */,
				847C472E1DBDB6C500BFBFD7 /* Resources */,
			);
			buildRules = (
			);
			dependencies = (
				847C47321DBDB6C500BFBFD7 /* PBXTargetDependency */,
			);
			name = RunTimeDemoUITests;
			productName = RunTimeDemoUITests;
			productReference = 847C47301DBDB6C500BFBFD7 /* RunTimeDemoUITests.xctest */;
			productType = "com.apple.product-type.bundle.ui-testing";
		};
/* End PBXNativeTarget section */

/* Begin PBXProject section */
		847C47041DBDB6C500BFBFD7 /* Project object */ = {
			isa = PBXProject;
			attributes = {
				LastUpgradeCheck = 0800;
				ORGANIZATIONNAME = zhixun;
				TargetAttributes = {
					847C470B1DBDB6C500BFBFD7 = {
						CreatedOnToolsVersion = 8.0;
						DevelopmentTeam = 8N585W264R;
						ProvisioningStyle = Automatic;
					};
					847C47241DBDB6C500BFBFD7 = {
						CreatedOnToolsVersion = 8.0;
						ProvisioningStyle = Automatic;
						TestTargetID = 847C470B1DBDB6C500BFBFD7;
					};
					847C472F1DBDB6C500BFBFD7 = {
						CreatedOnToolsVersion = 8.0;
						ProvisioningStyle = Automatic;
						TestTargetID = 847C470B1DBDB6C500BFBFD7;
					};
				};
			};
			buildConfigurationList = 847C47071DBDB6C500BFBFD7 /* Build configuration list for PBXProject "RunTimeDemo" */;
			compatibilityVersion = "Xcode 3.2";
			developmentRegion = English;
			hasScannedForEncodings = 0;
			knownRegions = (
				en,
				Base,
			);
			mainGroup = 847C47031DBDB6C500BFBFD7;
			productRefGroup = 847C470D1DBDB6C500BFBFD7 /* Products */;
			projectDirPath = "";
			projectRoot = "";
			targets = (
				847C470B1DBDB6C500BFBFD7 /* RunTimeDemo */,
				847C47241DBDB6C500BFBFD7 /* RunTimeDemoTests */,
				847C472F1DBDB6C500BFBFD7 /* RunTimeDemoUITests */,
			);
		};
/* End PBXProject section */

/* Begin PBXResourcesBuildPhase section */
		847C470A1DBDB6C500BFBFD7 /* Resources */ = {
			isa = PBXResourcesBuildPhase;
			buildActionMask = 2147483647;
			files = (
				847C471F1DBDB6C500BFBFD7 /* LaunchScreen.storyboard in Resources */,
				847C471C1DBDB6C500BFBFD7 /* Assets.xcassets in Resources */,
				847C471A1DBDB6C500BFBFD7 /* Main.storyboard in Resources */,
			);
			runOnlyForDeploymentPostprocessing = 0;
		};
		847C47231DBDB6C500BFBFD7 /* Resources */ = {
			isa = PBXResourcesBuildPhase;
			buildActionMask = 2147483647;
			files = (
			);
			runOnlyForDeploymentPostprocessing = 0;
		};
		847C472E1DBDB6C500BFBFD7 /* Resources */ = {
			isa = PBXResourcesBuildPhase;
			buildActionMask = 2147483647;
			files = (
			);
			runOnlyForDeploymentPostprocessing = 0;
		};
/* End PBXResourcesBuildPhase section */

/* Begin PBXSourcesBuildPhase section */
		847C47081DBDB6C500BFBFD7 /* Sources */ = {
			isa = PBXSourcesBuildPhase;
			buildActionMask = 2147483647;
			files = (
				847C47171DBDB6C500BFBFD7 /* ViewController.m in Sources */,
				847C47451DBDBC7900BFBFD7 /* UIViewController+runtime.m in Sources */,
				847C47141DBDB6C500BFBFD7 /* AppDelegate.m in Sources */,
				847C47111DBDB6C500BFBFD7 /* main.m in Sources */,
				847C47481DBDBD5800BFBFD7 /* SectionViewController.m in Sources */,
			);
			runOnlyForDeploymentPostprocessing = 0;
		};
		847C47211DBDB6C500BFBFD7 /* Sources */ = {
			isa = PBXSourcesBuildPhase;
			buildActionMask = 2147483647;
			files = (
				847C472A1DBDB6C500BFBFD7 /* RunTimeDemoTests.m in Sources */,
			);
			runOnlyForDeploymentPostprocessing = 0;
		};
		847C472C1DBDB6C500BFBFD7 /* Sources */ = {
			isa = PBXSourcesBuildPhase;
			buildActionMask = 2147483647;
			files = (
				847C47351DBDB6C500BFBFD7 /* RunTimeDemoUITests.m in Sources */,
			);
			runOnlyForDeploymentPostprocessing = 0;
		};
/* End PBXSourcesBuildPhase section */

/* Begin PBXTargetDependency section */
		847C47271DBDB6C500BFBFD7 /* PBXTargetDependency */ = {
			isa = PBXTargetDependency;
			target = 847C470B1DBDB6C500BFBFD7 /* RunTimeDemo */;
			targetProxy = 847C47261DBDB6C500BFBFD7 /* PBXContainerItemProxy */;
		};
		847C47321DBDB6C500BFBFD7 /* PBXTargetDependency */ = {
			isa = PBXTargetDependency;
			target = 847C470B1DBDB6C500BFBFD7 /* RunTimeDemo */;
			targetProxy = 847C47311DBDB6C500BFBFD7 /* PBXContainerItemProxy */;
		};
/* End PBXTargetDependency section */

/* Begin PBXVariantGroup section */
		847C47181DBDB6C500BFBFD7 /* Main.storyboard */ = {
			isa = PBXVariantGroup;
			children = (
				847C47191DBDB6C500BFBFD7 /* Base */,
			);
			name = Main.storyboard;
			sourceTree = "<group>";
		};
		847C471D1DBDB6C500BFBFD7 /* LaunchScreen.storyboard */ = {
			isa = PBXVariantGroup;
			children = (
				847C471E1DBDB6C500BFBFD7 /* Base */,
			);
			name = LaunchScreen.storyboard;
			sourceTree = "<group>";
		};
/* End PBXVariantGroup section */

/* Begin XCBuildConfiguration section */
		847C47371DBDB6C500BFBFD7 /* Debug */ = {
			isa = XCBuildConfiguration;
			buildSettings = {
				ALWAYS_SEARCH_USER_PATHS = NO;
				CLANG_ANALYZER_NONNULL = YES;
				CLANG_CXX_LANGUAGE_STANDARD = "gnu++0x";
				CLANG_CXX_LIBRARY = "libc++";
				CLANG_ENABLE_MODULES = YES;
				CLANG_ENABLE_OBJC_ARC = YES;
				CLANG_WARN_BOOL_CONVERSION = YES;
				CLANG_WARN_CONSTANT_CONVERSION = YES;
				CLANG_WARN_DIRECT_OBJC_ISA_USAGE = YES_ERROR;
				CLANG_WARN_DOCUMENTATION_COMMENTS = YES;
				CLANG_WARN_EMPTY_BODY = YES;
				CLANG_WARN_ENUM_CONVERSION = YES;
				CLANG_WARN_INFINITE_RECURSION = YES;
				CLANG_WARN_INT_CONVERSION = YES;
				CLANG_WARN_OBJC_ROOT_CLASS = YES_ERROR;
				CLANG_WARN_SUSPICIOUS_MOVES = YES;
				CLANG_WARN_UNREACHABLE_CODE = YES;
				CLANG_WARN__DUPLICATE_METHOD_MATCH = YES;
				"CODE_SIGN_IDENTITY[sdk=iphoneos*]" = "iPhone Developer";
				COPY_PHASE_STRIP = NO;
				DEBUG_INFORMATION_FORMAT = dwarf;
				ENABLE_STRICT_OBJC_MSGSEND = YES;
				ENABLE_TESTABILITY = YES;
				GCC_C_LANGUAGE_STANDARD = gnu99;
				GCC_DYNAMIC_NO_PIC = NO;
				GCC_NO_COMMON_BLOCKS = YES;
				GCC_OPTIMIZATION_LEVEL = 0;
				GCC_PREPROCESSOR_DEFINITIONS = (
					"DEBUG=1",
					"$(inherited)",
				);
				GCC_WARN_64_TO_32_BIT_CONVERSION = YES;
				GCC_WARN_ABOUT_RETURN_TYPE = YES_ERROR;
				GCC_WARN_UNDECLARED_SELECTOR = YES;
				GCC_WARN_UNINITIALIZED_AUTOS = YES_AGGRESSIVE;
				GCC_WARN_UNUSED_FUNCTION = YES;
				GCC_WARN_UNUSED_VARIABLE = YES;
				IPHONEOS_DEPLOYMENT_TARGET = 10.0;
				MTL_ENABLE_DEBUG_INFO = YES;
				ONLY_ACTIVE_ARCH = YES;
				SDKROOT = iphoneos;
				TARGETED_DEVICE_FAMILY = "1,2";
			};
			name = Debug;
		};
		847C47381DBDB6C500BFBFD7 /* Release */ = {
			isa = XCBuildConfiguration;
			buildSettings = {
				ALWAYS_SEARCH_USER_PATHS = NO;
				CLANG_ANALYZER_NONNULL = YES;
				CLANG_CXX_LANGUAGE_STANDARD = "gnu++0x";
				CLANG_CXX_LIBRARY = "libc++";
				CLANG_ENABLE_MODULES = YES;
				CLANG_ENABLE_OBJC_ARC = YES;
				CLANG_WARN_BOOL_CONVERSION = YES;
				CLANG_WARN_CONSTANT_CONVERSION = YES;
				CLANG_WARN_DIRECT_OBJC_ISA_USAGE = YES_ERROR;
				CLANG_WARN_DOCUMENTATION_COMMENTS = YES;
				CLANG_WARN_EMPTY_BODY = YES;
				CLANG_WARN_ENUM_CONVERSION = YES;
				CLANG_WARN_INFINITE_RECURSION = YES;
				CLANG_WARN_INT_CONVERSION = YES;
				CLANG_WARN_OBJC_ROOT_CLASS = YES_ERROR;
				CLANG_WARN_SUSPICIOUS_MOVES = YES;
				CLANG_WARN_UNREACHABLE_CODE = YES;
				CLANG_WARN__DUPLICATE_METHOD_MATCH = YES;
				"CODE_SIGN_IDENTITY[sdk=iphoneos*]" = "iPhone Developer";
				COPY_PHASE_STRIP = NO;
				DEBUG_INFORMATION_FORMAT = "dwarf-with-dsym";
				ENABLE_NS_ASSERTIONS = NO;
				ENABLE_STRICT_OBJC_MSGSEND = YES;
				GCC_C_LANGUAGE_STANDARD = gnu99;
				GCC_NO_COMMON_BLOCKS = YES;
				GCC_WARN_64_TO_32_BIT_CONVERSION = YES;
				GCC_WARN_ABOUT_RETURN_TYPE = YES_ERROR;
				GCC_WARN_UNDECLARED_SELECTOR = YES;
				GCC_WARN_UNINITIALIZED_AUTOS = YES_AGGRESSIVE;
				GCC_WARN_UNUSED_FUNCTION = YES;
				GCC_WARN_UNUSED_VARIABLE = YES;
				IPHONEOS_DEPLOYMENT_TARGET = 10.0;
				MTL_ENABLE_DEBUG_INFO = NO;
				SDKROOT = iphoneos;
				TARGETED_DEVICE_FAMILY = "1,2";
				VALIDATE_PRODUCT = YES;
			};
			name = Release;
		};
		847C473A1DBDB6C500BFBFD7 /* Debug */ = {
			isa = XCBuildConfiguration;
			buildSettings = {
				ASSETCATALOG_COMPILER_APPICON_NAME = AppIcon;
				DEVELOPMENT_TEAM = 8N585W264R;
				INFOPLIST_FILE = RunTimeDemo/Info.plist;
				IPHONEOS_DEPLOYMENT_TARGET = 9.1;
				LD_RUNPATH_SEARCH_PATHS = "$(inherited) @executable_path/Frameworks";
				PRODUCT_BUNDLE_IDENTIFIER = com.zhuxun.RunTimeDemo;
				PRODUCT_NAME = "$(TARGET_NAME)";
			};
			name = Debug;
		};
		847C473B1DBDB6C500BFBFD7 /* Release */ = {
			isa = XCBuildConfiguration;
			buildSettings = {
				ASSETCATALOG_COMPILER_APPICON_NAME = AppIcon;
				DEVELOPMENT_TEAM = 8N585W264R;
				INFOPLIST_FILE = RunTimeDemo/Info.plist;
				IPHONEOS_DEPLOYMENT_TARGET = 9.1;
				LD_RUNPATH_SEARCH_PATHS = "$(inherited) @executable_path/Frameworks";
				PRODUCT_BUNDLE_IDENTIFIER = com.zhuxun.RunTimeDemo;
				PRODUCT_NAME = "$(TARGET_NAME)";
			};
			name = Release;
		};
		847C473D1DBDB6C500BFBFD7 /* Debug */ = {
			isa = XCBuildConfiguration;
			buildSettings = {
				BUNDLE_LOADER = "$(TEST_HOST)";
				INFOPLIST_FILE = RunTimeDemoTests/Info.plist;
				LD_RUNPATH_SEARCH_PATHS = "$(inherited) @executable_path/Frameworks @loader_path/Frameworks";
				PRODUCT_BUNDLE_IDENTIFIER = com.zhuxun.RunTimeDemoTests;
				PRODUCT_NAME = "$(TARGET_NAME)";
				TEST_HOST = "$(BUILT_PRODUCTS_DIR)/RunTimeDemo.app/RunTimeDemo";
			};
			name = Debug;
		};
		847C473E1DBDB6C500BFBFD7 /* Release */ = {
			isa = XCBuildConfiguration;
			buildSettings = {
				BUNDLE_LOADER = "$(TEST_HOST)";
				INFOPLIST_FILE = RunTimeDemoTests/Info.plist;
				LD_RUNPATH_SEARCH_PATHS = "$(inherited) @executable_path/Frameworks @loader_path/Frameworks";
				PRODUCT_BUNDLE_IDENTIFIER = com.zhuxun.RunTimeDemoTests;
				PRODUCT_NAME = "$(TARGET_NAME)";
				TEST_HOST = "$(BUILT_PRODUCTS_DIR)/RunTimeDemo.app/RunTimeDemo";
			};
			name = Release;
		};
		847C47401DBDB6C500BFBFD7 /* Debug */ = {
			isa = XCBuildConfiguration;
			buildSettings = {
				INFOPLIST_FILE = RunTimeDemoUITests/Info.plist;
				LD_RUNPATH_SEARCH_PATHS = "$(inherited) @executable_path/Frameworks @loader_path/Frameworks";
				PRODUCT_BUNDLE_IDENTIFIER = com.zhuxun.RunTimeDemoUITests;
				PRODUCT_NAME = "$(TARGET_NAME)";
				TEST_TARGET_NAME = RunTimeDemo;
			};
			name = Debug;
		};
		847C47411DBDB6C500BFBFD7 /* Release */ = {
			isa = XCBuildConfiguration;
			buildSettings = {
				INFOPLIST_FILE = RunTimeDemoUITests/Info.plist;
				LD_RUNPATH_SEARCH_PATHS = "$(inherited) @executable_path/Frameworks @loader_path/Frameworks";
				PRODUCT_BUNDLE_IDENTIFIER = com.zhuxun.RunTimeDemoUITests;
				PRODUCT_NAME = "$(TARGET_NAME)";
				TEST_TARGET_NAME = RunTimeDemo;
			};
			name = Release;
		};
/* End XCBuildConfiguration section */

/* Begin XCConfigurationList section */
		847C47071DBDB6C500BFBFD7 /* Build configuration list for PBXProject "RunTimeDemo" */ = {
			isa = XCConfigurationList;
			buildConfigurations = (
				847C47371DBDB6C500BFBFD7 /* Debug */,
				847C47381DBDB6C500BFBFD7 /* Release */,
			);
			defaultConfigurationIsVisible = 0;
			defaultConfigurationName = Release;
		};
		847C47391DBDB6C500BFBFD7 /* Build configuration list for PBXNativeTarget "RunTimeDemo" */ = {
			isa = XCConfigurationList;
			buildConfigurations = (
				847C473A1DBDB6C500BFBFD7 /* Debug */,
				847C473B1DBDB6C500BFBFD7 /* Release */,
			);
			defaultConfigurationIsVisible = 0;
		};
		847C473C1DBDB6C500BFBFD7 /* Build configuration list for PBXNativeTarget "RunTimeDemoTests" */ = {
			isa = XCConfigurationList;
			buildConfigurations = (
				847C473D1DBDB6C500BFBFD7 /* Debug */,
				847C473E1DBDB6C500BFBFD7 /* Release */,
			);
			defaultConfigurationIsVisible = 0;
		};
		847C473F1DBDB6C500BFBFD7 /* Build configuration list for PBXNativeTarget "RunTimeDemoUITests" */ = {
			isa = XCConfigurationList;
			buildConfigurations = (
				847C47401DBDB6C500BFBFD7 /* Debug */,
				847C47411DBDB6C500BFBFD7 /* Release */,
			);
			defaultConfigurationIsVisible = 0;
		};
/* End XCConfigurationList section */
	};
	rootObject = 847C47041DBDB6C500BFBFD7 /* Project object */;
}
